// !$*UTF8*$!
{
	archiveVersion = 1;
	classes = {
	};
	objectVersion = 77;
	objects = {

/* Begin PBXBuildFile section */
		0484022C2CD8506200C3CF8E /* GoogleSignIn in Frameworks */ = {isa = PBXBuildFile; productRef = 0484022B2CD8506200C3CF8E /* GoogleSignIn */; };
		0484022E2CD8506200C3CF8E /* GoogleSignInSwift in Frameworks */ = {isa = PBXBuildFile; productRef = 0484022D2CD8506200C3CF8E /* GoogleSignInSwift */; };
		049CC3512CD48C7400C331E7 /* FirebaseAuth in Frameworks */ = {isa = PBXBuildFile; productRef = 049CC3502CD48C7400C331E7 /* FirebaseAuth */; };
		04DF4A382CD85DF100B5B637 /* GoogleService-Info.plist in Resources */ = {isa = PBXBuildFile; fileRef = 04DF4A372CD85DF100B5B637 /* GoogleService-Info.plist */; };
		B8482C702CD213DC009DDA02 /* FirebaseStorage in Frameworks */ = {isa = PBXBuildFile; productRef = B8482C6F2CD213DC009DDA02 /* FirebaseStorage */; };
		B8482C722CD213F0009DDA02 /* FirebaseFirestore in Frameworks */ = {isa = PBXBuildFile; productRef = B8482C712CD213F0009DDA02 /* FirebaseFirestore */; };
		E069407F2CE4991A000D1161 /* FirebaseAnalytics in Frameworks */ = {isa = PBXBuildFile; productRef = E069407E2CE4991A000D1161 /* FirebaseAnalytics */; };
		E06940812CE49920000D1161 /* FirebaseMessaging in Frameworks */ = {isa = PBXBuildFile; productRef = E06940802CE49920000D1161 /* FirebaseMessaging */; };
		E06940832CE49924000D1161 /* FirebaseInAppMessaging-Beta in Frameworks */ = {isa = PBXBuildFile; productRef = E06940822CE49924000D1161 /* FirebaseInAppMessaging-Beta */; };
/* End PBXBuildFile section */

/* Begin PBXFileReference section */
		04DF4A372CD85DF100B5B637 /* GoogleService-Info.plist */ = {isa = PBXFileReference; lastKnownFileType = text.plist.xml; path = "GoogleService-Info.plist"; sourceTree = "<group>"; };
		B8482C5C2CD1F1CB009DDA02 /* SellAR.app */ = {isa = PBXFileReference; explicitFileType = wrapper.application; includeInIndex = 0; path = SellAR.app; sourceTree = BUILT_PRODUCTS_DIR; };
/* End PBXFileReference section */

/* Begin PBXFileSystemSynchronizedBuildFileExceptionSet section */
		04DF4A3A2CD85FC200B5B637 /* Exceptions for "SellAR" folder in "SellAR" target */ = {
			isa = PBXFileSystemSynchronizedBuildFileExceptionSet;
			membershipExceptions = (
				Info.plist,
			);
			target = B8482C5B2CD1F1CB009DDA02 /* SellAR */;
		};
/* End PBXFileSystemSynchronizedBuildFileExceptionSet section */

/* Begin PBXFileSystemSynchronizedRootGroup section */
		B8482C5E2CD1F1CB009DDA02 /* SellAR */ = {
			isa = PBXFileSystemSynchronizedRootGroup;
			exceptions = (
				04DF4A3A2CD85FC200B5B637 /* Exceptions for "SellAR" folder in "SellAR" target */,
			);
			path = SellAR;
			sourceTree = "<group>";
		};
/* End PBXFileSystemSynchronizedRootGroup section */

/* Begin PBXFrameworksBuildPhase section */
		B8482C592CD1F1CB009DDA02 /* Frameworks */ = {
			isa = PBXFrameworksBuildPhase;
			buildActionMask = 2147483647;
			files = (
				0484022E2CD8506200C3CF8E /* GoogleSignInSwift in Frameworks */,
				B8482C702CD213DC009DDA02 /* FirebaseStorage in Frameworks */,
				E06940812CE49920000D1161 /* FirebaseMessaging in Frameworks */,
				E06940832CE49924000D1161 /* FirebaseInAppMessaging-Beta in Frameworks */,
				E069407F2CE4991A000D1161 /* FirebaseAnalytics in Frameworks */,
				0484022C2CD8506200C3CF8E /* GoogleSignIn in Frameworks */,
				049CC3512CD48C7400C331E7 /* FirebaseAuth in Frameworks */,
				B8482C722CD213F0009DDA02 /* FirebaseFirestore in Frameworks */,
			);
			runOnlyForDeploymentPostprocessing = 0;
		};
/* End PBXFrameworksBuildPhase section */

/* Begin PBXGroup section */
		B8482C532CD1F1CB009DDA02 = {
			isa = PBXGroup;
			children = (
				04DF4A372CD85DF100B5B637 /* GoogleService-Info.plist */,
				B8482C5E2CD1F1CB009DDA02 /* SellAR */,
				B8482C6E2CD213DC009DDA02 /* Frameworks */,
				B8482C5D2CD1F1CB009DDA02 /* Products */,
			);
			sourceTree = "<group>";
		};
		B8482C5D2CD1F1CB009DDA02 /* Products */ = {
			isa = PBXGroup;
			children = (
				B8482C5C2CD1F1CB009DDA02 /* SellAR.app */,
			);
			name = Products;
			sourceTree = "<group>";
		};
		B8482C6E2CD213DC009DDA02 /* Frameworks */ = {
			isa = PBXGroup;
			children = (
			);
			name = Frameworks;
			sourceTree = "<group>";
		};
/* End PBXGroup section */

/* Begin PBXNativeTarget section */
		B8482C5B2CD1F1CB009DDA02 /* SellAR */ = {
			isa = PBXNativeTarget;
			buildConfigurationList = B8482C6A2CD1F1CC009DDA02 /* Build configuration list for PBXNativeTarget "SellAR" */;
			buildPhases = (
				B8482C582CD1F1CB009DDA02 /* Sources */,
				B8482C592CD1F1CB009DDA02 /* Frameworks */,
				B8482C5A2CD1F1CB009DDA02 /* Resources */,
			);
			buildRules = (
			);
			dependencies = (
			);
			fileSystemSynchronizedGroups = (
				B8482C5E2CD1F1CB009DDA02 /* SellAR */,
			);
			name = SellAR;
			packageProductDependencies = (
				B8482C6F2CD213DC009DDA02 /* FirebaseStorage */,
				B8482C712CD213F0009DDA02 /* FirebaseFirestore */,
				049CC3502CD48C7400C331E7 /* FirebaseAuth */,
				0484022B2CD8506200C3CF8E /* GoogleSignIn */,
				0484022D2CD8506200C3CF8E /* GoogleSignInSwift */,
				E069407E2CE4991A000D1161 /* FirebaseAnalytics */,
				E06940802CE49920000D1161 /* FirebaseMessaging */,
				E06940822CE49924000D1161 /* FirebaseInAppMessaging-Beta */,
			);
			productName = SellAR;
			productReference = B8482C5C2CD1F1CB009DDA02 /* SellAR.app */;
			productType = "com.apple.product-type.application";
		};
/* End PBXNativeTarget section */

/* Begin PBXProject section */
		B8482C542CD1F1CB009DDA02 /* Project object */ = {
			isa = PBXProject;
			attributes = {
				BuildIndependentTargetsInParallel = 1;
				LastSwiftUpdateCheck = 1600;
				LastUpgradeCheck = 1600;
				TargetAttributes = {
					B8482C5B2CD1F1CB009DDA02 = {
						CreatedOnToolsVersion = 16.0;
					};
				};
			};
			buildConfigurationList = B8482C572CD1F1CB009DDA02 /* Build configuration list for PBXProject "SellAR" */;
			developmentRegion = en;
			hasScannedForEncodings = 0;
			knownRegions = (
				en,
				Base,
			);
			mainGroup = B8482C532CD1F1CB009DDA02;
			minimizedProjectReferenceProxies = 1;
			packageReferences = (
				B8482C6D2CD21390009DDA02 /* XCRemoteSwiftPackageReference "firebase-ios-sdk" */,
				0484022A2CD8506200C3CF8E /* XCRemoteSwiftPackageReference "GoogleSignIn-iOS" */,
			);
			preferredProjectObjectVersion = 77;
			productRefGroup = B8482C5D2CD1F1CB009DDA02 /* Products */;
			projectDirPath = "";
			projectRoot = "";
			targets = (
				B8482C5B2CD1F1CB009DDA02 /* SellAR */,
			);
		};
/* End PBXProject section */

/* Begin PBXResourcesBuildPhase section */
		B8482C5A2CD1F1CB009DDA02 /* Resources */ = {
			isa = PBXResourcesBuildPhase;
			buildActionMask = 2147483647;
			files = (
				04DF4A382CD85DF100B5B637 /* GoogleService-Info.plist in Resources */,
			);
			runOnlyForDeploymentPostprocessing = 0;
		};
/* End PBXResourcesBuildPhase section */

/* Begin PBXSourcesBuildPhase section */
		B8482C582CD1F1CB009DDA02 /* Sources */ = {
			isa = PBXSourcesBuildPhase;
			buildActionMask = 2147483647;
			files = (
			);
			runOnlyForDeploymentPostprocessing = 0;
		};
/* End PBXSourcesBuildPhase section */

/* Begin XCBuildConfiguration section */
		B8482C682CD1F1CC009DDA02 /* Debug */ = {
			isa = XCBuildConfiguration;
			buildSettings = {
				ALWAYS_SEARCH_USER_PATHS = NO;
				ASSETCATALOG_COMPILER_GENERATE_SWIFT_ASSET_SYMBOL_EXTENSIONS = YES;
				CLANG_ANALYZER_NONNULL = YES;
				CLANG_ANALYZER_NUMBER_OBJECT_CONVERSION = YES_AGGRESSIVE;
				CLANG_CXX_LANGUAGE_STANDARD = "gnu++20";
				CLANG_ENABLE_MODULES = YES;
				CLANG_ENABLE_OBJC_ARC = YES;
				CLANG_ENABLE_OBJC_WEAK = YES;
				CLANG_WARN_BLOCK_CAPTURE_AUTORELEASING = YES;
				CLANG_WARN_BOOL_CONVERSION = YES;
				CLANG_WARN_COMMA = YES;
				CLANG_WARN_CONSTANT_CONVERSION = YES;
				CLANG_WARN_DEPRECATED_OBJC_IMPLEMENTATIONS = YES;
				CLANG_WARN_DIRECT_OBJC_ISA_USAGE = YES_ERROR;
				CLANG_WARN_DOCUMENTATION_COMMENTS = YES;
				CLANG_WARN_EMPTY_BODY = YES;
				CLANG_WARN_ENUM_CONVERSION = YES;
				CLANG_WARN_INFINITE_RECURSION = YES;
				CLANG_WARN_INT_CONVERSION = YES;
				CLANG_WARN_NON_LITERAL_NULL_CONVERSION = YES;
				CLANG_WARN_OBJC_IMPLICIT_RETAIN_SELF = YES;
				CLANG_WARN_OBJC_LITERAL_CONVERSION = YES;
				CLANG_WARN_OBJC_ROOT_CLASS = YES_ERROR;
				CLANG_WARN_QUOTED_INCLUDE_IN_FRAMEWORK_HEADER = YES;
				CLANG_WARN_RANGE_LOOP_ANALYSIS = YES;
				CLANG_WARN_STRICT_PROTOTYPES = YES;
				CLANG_WARN_SUSPICIOUS_MOVE = YES;
				CLANG_WARN_UNGUARDED_AVAILABILITY = YES_AGGRESSIVE;
				CLANG_WARN_UNREACHABLE_CODE = YES;
				CLANG_WARN__DUPLICATE_METHOD_MATCH = YES;
				COPY_PHASE_STRIP = NO;
				DEBUG_INFORMATION_FORMAT = dwarf;
				ENABLE_STRICT_OBJC_MSGSEND = YES;
				ENABLE_TESTABILITY = YES;
				ENABLE_USER_SCRIPT_SANDBOXING = YES;
				GCC_C_LANGUAGE_STANDARD = gnu17;
				GCC_DYNAMIC_NO_PIC = NO;
				GCC_NO_COMMON_BLOCKS = YES;
				GCC_OPTIMIZATION_LEVEL = 0;
				GCC_PREPROCESSOR_DEFINITIONS = (
					"DEBUG=1",
					"$(inherited)",
				);
				GCC_WARN_64_TO_32_BIT_CONVERSION = YES;
				GCC_WARN_ABOUT_RETURN_TYPE = YES_ERROR;
				GCC_WARN_UNDECLARED_SELECTOR = YES;
				GCC_WARN_UNINITIALIZED_AUTOS = YES_AGGRESSIVE;
				GCC_WARN_UNUSED_FUNCTION = YES;
				GCC_WARN_UNUSED_VARIABLE = YES;
				IPHONEOS_DEPLOYMENT_TARGET = 18.0;
				LOCALIZATION_PREFERS_STRING_CATALOGS = YES;
				MTL_ENABLE_DEBUG_INFO = INCLUDE_SOURCE;
				MTL_FAST_MATH = YES;
				ONLY_ACTIVE_ARCH = YES;
				SDKROOT = iphoneos;
				SWIFT_ACTIVE_COMPILATION_CONDITIONS = "DEBUG $(inherited)";
				SWIFT_OPTIMIZATION_LEVEL = "-Onone";
			};
			name = Debug;
		};
		B8482C692CD1F1CC009DDA02 /* Release */ = {
			isa = XCBuildConfiguration;
			buildSettings = {
				ALWAYS_SEARCH_USER_PATHS = NO;
				ASSETCATALOG_COMPILER_GENERATE_SWIFT_ASSET_SYMBOL_EXTENSIONS = YES;
				CLANG_ANALYZER_NONNULL = YES;
				CLANG_ANALYZER_NUMBER_OBJECT_CONVERSION = YES_AGGRESSIVE;
				CLANG_CXX_LANGUAGE_STANDARD = "gnu++20";
				CLANG_ENABLE_MODULES = YES;
				CLANG_ENABLE_OBJC_ARC = YES;
				CLANG_ENABLE_OBJC_WEAK = YES;
				CLANG_WARN_BLOCK_CAPTURE_AUTORELEASING = YES;
				CLANG_WARN_BOOL_CONVERSION = YES;
				CLANG_WARN_COMMA = YES;
				CLANG_WARN_CONSTANT_CONVERSION = YES;
				CLANG_WARN_DEPRECATED_OBJC_IMPLEMENTATIONS = YES;
				CLANG_WARN_DIRECT_OBJC_ISA_USAGE = YES_ERROR;
				CLANG_WARN_DOCUMENTATION_COMMENTS = YES;
				CLANG_WARN_EMPTY_BODY = YES;
				CLANG_WARN_ENUM_CONVERSION = YES;
				CLANG_WARN_INFINITE_RECURSION = YES;
				CLANG_WARN_INT_CONVERSION = YES;
				CLANG_WARN_NON_LITERAL_NULL_CONVERSION = YES;
				CLANG_WARN_OBJC_IMPLICIT_RETAIN_SELF = YES;
				CLANG_WARN_OBJC_LITERAL_CONVERSION = YES;
				CLANG_WARN_OBJC_ROOT_CLASS = YES_ERROR;
				CLANG_WARN_QUOTED_INCLUDE_IN_FRAMEWORK_HEADER = YES;
				CLANG_WARN_RANGE_LOOP_ANALYSIS = YES;
				CLANG_WARN_STRICT_PROTOTYPES = YES;
				CLANG_WARN_SUSPICIOUS_MOVE = YES;
				CLANG_WARN_UNGUARDED_AVAILABILITY = YES_AGGRESSIVE;
				CLANG_WARN_UNREACHABLE_CODE = YES;
				CLANG_WARN__DUPLICATE_METHOD_MATCH = YES;
				COPY_PHASE_STRIP = NO;
				DEBUG_INFORMATION_FORMAT = "dwarf-with-dsym";
				ENABLE_NS_ASSERTIONS = NO;
				ENABLE_STRICT_OBJC_MSGSEND = YES;
				ENABLE_USER_SCRIPT_SANDBOXING = YES;
				GCC_C_LANGUAGE_STANDARD = gnu17;
				GCC_NO_COMMON_BLOCKS = YES;
				GCC_WARN_64_TO_32_BIT_CONVERSION = YES;
				GCC_WARN_ABOUT_RETURN_TYPE = YES_ERROR;
				GCC_WARN_UNDECLARED_SELECTOR = YES;
				GCC_WARN_UNINITIALIZED_AUTOS = YES_AGGRESSIVE;
				GCC_WARN_UNUSED_FUNCTION = YES;
				GCC_WARN_UNUSED_VARIABLE = YES;
				IPHONEOS_DEPLOYMENT_TARGET = 18.0;
				LOCALIZATION_PREFERS_STRING_CATALOGS = YES;
				MTL_ENABLE_DEBUG_INFO = NO;
				MTL_FAST_MATH = YES;
				SDKROOT = iphoneos;
				SWIFT_COMPILATION_MODE = wholemodule;
				VALIDATE_PRODUCT = YES;
			};
			name = Release;
		};
		B8482C6B2CD1F1CC009DDA02 /* Debug */ = {
			isa = XCBuildConfiguration;
			buildSettings = {
				ASSETCATALOG_COMPILER_APPICON_NAME = AppIcon;
				ASSETCATALOG_COMPILER_GLOBAL_ACCENT_COLOR_NAME = AccentColor;
				CODE_SIGN_ENTITLEMENTS = SellAR/SellAR.entitlements;
				CODE_SIGN_STYLE = Automatic;
				CURRENT_PROJECT_VERSION = 1;
				DEVELOPMENT_ASSET_PATHS = "\"SellAR/Preview Content\"";
				DEVELOPMENT_TEAM = 6R3M7VGRP2;
				ENABLE_PREVIEWS = YES;
				GENERATE_INFOPLIST_FILE = YES;
				INFOPLIST_FILE = SellAR/Info.plist;
				INFOPLIST_KEY_LSApplicationCategoryType = "public.app-category.shopping";
				INFOPLIST_KEY_UIApplicationSceneManifest_Generation = YES;
				INFOPLIST_KEY_UIApplicationSupportsIndirectInputEvents = YES;
				INFOPLIST_KEY_UILaunchScreen_Generation = YES;
				INFOPLIST_KEY_UISupportedInterfaceOrientations_iPad = "UIInterfaceOrientationPortrait UIInterfaceOrientationPortraitUpsideDown UIInterfaceOrientationLandscapeLeft UIInterfaceOrientationLandscapeRight";
				INFOPLIST_KEY_UISupportedInterfaceOrientations_iPhone = "UIInterfaceOrientationPortrait UIInterfaceOrientationLandscapeLeft UIInterfaceOrientationLandscapeRight";
				LD_RUNPATH_SEARCH_PATHS = (
					"$(inherited)",
					"@executable_path/Frameworks",
				);
				MARKETING_VERSION = 1.0;
				PRODUCT_BUNDLE_IDENTIFIER = com.SellAR.SellAR;
				PRODUCT_NAME = "$(TARGET_NAME)";
				SWIFT_EMIT_LOC_STRINGS = YES;
				SWIFT_VERSION = 5.0;
				TARGETED_DEVICE_FAMILY = "1,2";
			};
			name = Debug;
		};
		B8482C6C2CD1F1CC009DDA02 /* Release */ = {
			isa = XCBuildConfiguration;
			buildSettings = {
				ASSETCATALOG_COMPILER_APPICON_NAME = AppIcon;
				ASSETCATALOG_COMPILER_GLOBAL_ACCENT_COLOR_NAME = AccentColor;
				CODE_SIGN_ENTITLEMENTS = SellAR/SellAR.entitlements;
				CODE_SIGN_STYLE = Automatic;
				CURRENT_PROJECT_VERSION = 1;
				DEVELOPMENT_ASSET_PATHS = "\"SellAR/Preview Content\"";
				DEVELOPMENT_TEAM = 6R3M7VGRP2;
				ENABLE_PREVIEWS = YES;
				GENERATE_INFOPLIST_FILE = YES;
				INFOPLIST_FILE = SellAR/Info.plist;
				INFOPLIST_KEY_LSApplicationCategoryType = "public.app-category.shopping";
				INFOPLIST_KEY_UIApplicationSceneManifest_Generation = YES;
				INFOPLIST_KEY_UIApplicationSupportsIndirectInputEvents = YES;
				INFOPLIST_KEY_UILaunchScreen_Generation = YES;
				INFOPLIST_KEY_UISupportedInterfaceOrientations_iPad = "UIInterfaceOrientationPortrait UIInterfaceOrientationPortraitUpsideDown UIInterfaceOrientationLandscapeLeft UIInterfaceOrientationLandscapeRight";
				INFOPLIST_KEY_UISupportedInterfaceOrientations_iPhone = "UIInterfaceOrientationPortrait UIInterfaceOrientationLandscapeLeft UIInterfaceOrientationLandscapeRight";
				LD_RUNPATH_SEARCH_PATHS = (
					"$(inherited)",
					"@executable_path/Frameworks",
				);
				MARKETING_VERSION = 1.0;
				PRODUCT_BUNDLE_IDENTIFIER = com.SellAR.SellAR;
				PRODUCT_NAME = "$(TARGET_NAME)";
				SWIFT_EMIT_LOC_STRINGS = YES;
				SWIFT_VERSION = 5.0;
				TARGETED_DEVICE_FAMILY = "1,2";
			};
			name = Release;
		};
/* End XCBuildConfiguration section */

/* Begin XCConfigurationList section */
		B8482C572CD1F1CB009DDA02 /* Build configuration list for PBXProject "SellAR" */ = {
			isa = XCConfigurationList;
			buildConfigurations = (
				B8482C682CD1F1CC009DDA02 /* Debug */,
				B8482C692CD1F1CC009DDA02 /* Release */,
			);
			defaultConfigurationIsVisible = 0;
			defaultConfigurationName = Release;
		};
		B8482C6A2CD1F1CC009DDA02 /* Build configuration list for PBXNativeTarget "SellAR" */ = {
			isa = XCConfigurationList;
			buildConfigurations = (
				B8482C6B2CD1F1CC009DDA02 /* Debug */,
				B8482C6C2CD1F1CC009DDA02 /* Release */,
			);
			defaultConfigurationIsVisible = 0;
			defaultConfigurationName = Release;
		};
/* End XCConfigurationList section */

/* Begin XCRemoteSwiftPackageReference section */
		0484022A2CD8506200C3CF8E /* XCRemoteSwiftPackageReference "GoogleSignIn-iOS" */ = {
			isa = XCRemoteSwiftPackageReference;
			repositoryURL = "https://github.com/google/GoogleSignIn-iOS";
			requirement = {
				kind = upToNextMajorVersion;
				minimumVersion = 8.0.0;
			};
		};
		B8482C6D2CD21390009DDA02 /* XCRemoteSwiftPackageReference "firebase-ios-sdk" */ = {
			isa = XCRemoteSwiftPackageReference;
			repositoryURL = "https://github.com/firebase/firebase-ios-sdk";
			requirement = {
				kind = upToNextMajorVersion;
				minimumVersion = 11.4.0;
			};
		};
/* End XCRemoteSwiftPackageReference section */

/* Begin XCSwiftPackageProductDependency section */
		0484022B2CD8506200C3CF8E /* GoogleSignIn */ = {
			isa = XCSwiftPackageProductDependency;
			package = 0484022A2CD8506200C3CF8E /* XCRemoteSwiftPackageReference "GoogleSignIn-iOS" */;
			productName = GoogleSignIn;
		};
		0484022D2CD8506200C3CF8E /* GoogleSignInSwift */ = {
			isa = XCSwiftPackageProductDependency;
			package = 0484022A2CD8506200C3CF8E /* XCRemoteSwiftPackageReference "GoogleSignIn-iOS" */;
			productName = GoogleSignInSwift;
		};
		049CC3502CD48C7400C331E7 /* FirebaseAuth */ = {
			isa = XCSwiftPackageProductDependency;
			package = B8482C6D2CD21390009DDA02 /* XCRemoteSwiftPackageReference "firebase-ios-sdk" */;
			productName = FirebaseAuth;
		};
		B8482C6F2CD213DC009DDA02 /* FirebaseStorage */ = {
			isa = XCSwiftPackageProductDependency;
			package = B8482C6D2CD21390009DDA02 /* XCRemoteSwiftPackageReference "firebase-ios-sdk" */;
			productName = FirebaseStorage;
		};
		B8482C712CD213F0009DDA02 /* FirebaseFirestore */ = {
			isa = XCSwiftPackageProductDependency;
			package = B8482C6D2CD21390009DDA02 /* XCRemoteSwiftPackageReference "firebase-ios-sdk" */;
			productName = FirebaseFirestore;
		};
		E069407E2CE4991A000D1161 /* FirebaseAnalytics */ = {
			isa = XCSwiftPackageProductDependency;
			package = B8482C6D2CD21390009DDA02 /* XCRemoteSwiftPackageReference "firebase-ios-sdk" */;
			productName = FirebaseAnalytics;
		};
		E06940802CE49920000D1161 /* FirebaseMessaging */ = {
			isa = XCSwiftPackageProductDependency;
			package = B8482C6D2CD21390009DDA02 /* XCRemoteSwiftPackageReference "firebase-ios-sdk" */;
			productName = FirebaseMessaging;
		};
		E06940822CE49924000D1161 /* FirebaseInAppMessaging-Beta */ = {
			isa = XCSwiftPackageProductDependency;
			package = B8482C6D2CD21390009DDA02 /* XCRemoteSwiftPackageReference "firebase-ios-sdk" */;
			productName = "FirebaseInAppMessaging-Beta";
		};
/* End XCSwiftPackageProductDependency section */
	};
	rootObject = B8482C542CD1F1CB009DDA02 /* Project object */;
}
